
Microsoft Visual Studio Solution File, Format Version 12.00
# Visual Studio Version 16
VisualStudioVersion = 16.0.30002.166
MinimumVisualStudioVersion = 10.0.40219.1
Project("{FAE04EC0-301F-11D3-BF4B-00C04F79EFBC}") = "Elmah.IO.WebApi", "Elmah.IO.WebApi\Elmah.IO.WebApi.csproj", "{7F681A40-78D5-491E-AD87-E2C0C48CFA11}"
EndProject
Global
	GlobalSection(SolutionConfigurationPlatforms) = preSolution
		Debug|Any CPU = Debug|Any CPU
		Release|Any CPU = Release|Any CPU
	EndGlobalSection
	GlobalSection(ProjectConfigurationPlatforms) = postSolution
		{7F681A40-78D5-491E-AD87-E2C0C48CFA11}.Debug|Any CPU.ActiveCfg = Debug|Any CPU
		{7F681A40-78D5-491E-AD87-E2C0C48CFA11}.Debug|Any CPU.Build.0 = Debug|Any CPU
		{7F681A40-78D5-491E-AD87-E2C0C48CFA11}.Release|Any CPU.ActiveCfg = Release|Any CPU
		{7F681A40-78D5-491E-AD87-E2C0C48CFA11}.Release|Any CPU.Build.0 = Release|Any CPU
	EndGlobalSection
	GlobalSection(SolutionProperties) = preSolution
		HideSolutionNode = FALSE
	EndGlobalSection
	GlobalSection(ExtensibilityGlobals) = postSolution
		SolutionGuid = {27E48A0D-91AE-4CBD-8BA3-AF57F1FD1A75}
	EndGlobalSection
EndGlobal
